// !$*UTF8*$!
{
	archiveVersion = 1;
	classes = {
	};
	objectVersion = 50;
	objects = {

/* Begin PBXBuildFile section */
		0D3592FA227AD560003D77C3 /* main.swift in Sources */ = {isa = PBXBuildFile; fileRef = 0D3592F9227AD560003D77C3 /* main.swift */; };
		0D359351227AE4AE003D77C3 /* libLog.a in Frameworks */ = {isa = PBXBuildFile; fileRef = 0D359350227AE4AE003D77C3 /* libLog.a */; };
		0D359353227AE4AE003D77C3 /* libSocket.IO-Client-Swift.a in Frameworks */ = {isa = PBXBuildFile; fileRef = 0D359352227AE4AE003D77C3 /* libSocket.IO-Client-Swift.a */; };
		0D359355227AE4AE003D77C3 /* libStarscream.a in Frameworks */ = {isa = PBXBuildFile; fileRef = 0D359354227AE4AE003D77C3 /* libStarscream.a */; };
		88820D34C086F9438015FDF1 /* libPods-socket.io-client-swift-connect-event-bug.a in Frameworks */ = {isa = PBXBuildFile; fileRef = 9EDCC55F6F59D0591FB19A4B /* libPods-socket.io-client-swift-connect-event-bug.a */; };
/* End PBXBuildFile section */

/* Begin PBXCopyFilesBuildPhase section */
		0D3592F4227AD560003D77C3 /* CopyFiles */ = {
			isa = PBXCopyFilesBuildPhase;
			buildActionMask = 2147483647;
			dstPath = /usr/share/man/man1/;
			dstSubfolderSpec = 0;
			files = (
			);
			runOnlyForDeploymentPostprocessing = 1;
		};
/* End PBXCopyFilesBuildPhase section */

/* Begin PBXFileReference section */
		0D3592F6227AD560003D77C3 /* socket.io-client-swift-connect-event-bug */ = {isa = PBXFileReference; explicitFileType = "compiled.mach-o.executable"; includeInIndex = 0; path = "socket.io-client-swift-connect-event-bug"; sourceTree = BUILT_PRODUCTS_DIR; };
		0D3592F9227AD560003D77C3 /* main.swift */ = {isa = PBXFileReference; lastKnownFileType = sourcecode.swift; path = main.swift; sourceTree = "<group>"; };
		0D359350227AE4AE003D77C3 /* libLog.a */ = {isa = PBXFileReference; explicitFileType = archive.ar; path = libLog.a; sourceTree = BUILT_PRODUCTS_DIR; };
		0D359352227AE4AE003D77C3 /* libSocket.IO-Client-Swift.a */ = {isa = PBXFileReference; explicitFileType = archive.ar; path = "libSocket.IO-Client-Swift.a"; sourceTree = BUILT_PRODUCTS_DIR; };
		0D359354227AE4AE003D77C3 /* libStarscream.a */ = {isa = PBXFileReference; explicitFileType = archive.ar; path = libStarscream.a; sourceTree = BUILT_PRODUCTS_DIR; };
		269973998AE628639A2509CA /* Pods-socket.io-client-swift-connect-event-bug.debug.xcconfig */ = {isa = PBXFileReference; includeInIndex = 1; lastKnownFileType = text.xcconfig; name = "Pods-socket.io-client-swift-connect-event-bug.debug.xcconfig"; path = "Target Support Files/Pods-socket.io-client-swift-connect-event-bug/Pods-socket.io-client-swift-connect-event-bug.debug.xcconfig"; sourceTree = "<group>"; };
		9EDCC55F6F59D0591FB19A4B /* libPods-socket.io-client-swift-connect-event-bug.a */ = {isa = PBXFileReference; explicitFileType = archive.ar; includeInIndex = 0; path = "libPods-socket.io-client-swift-connect-event-bug.a"; sourceTree = BUILT_PRODUCTS_DIR; };
		C177FFB5233ECCE53F4BB281 /* Pods-socket.io-client-swift-connect-event-bug.release.xcconfig */ = {isa = PBXFileReference; includeInIndex = 1; lastKnownFileType = text.xcconfig; name = "Pods-socket.io-client-swift-connect-event-bug.release.xcconfig"; path = "Target Support Files/Pods-socket.io-client-swift-connect-event-bug/Pods-socket.io-client-swift-connect-event-bug.release.xcconfig"; sourceTree = "<group>"; };
/* End PBXFileReference section */

/* Begin PBXFrameworksBuildPhase section */
		0D3592F3227AD560003D77C3 /* Frameworks */ = {
			isa = PBXFrameworksBuildPhase;
			buildActionMask = 2147483647;
			files = (
				0D359351227AE4AE003D77C3 /* libLog.a in Frameworks */,
				0D359353227AE4AE003D77C3 /* libSocket.IO-Client-Swift.a in Frameworks */,
				0D359355227AE4AE003D77C3 /* libStarscream.a in Frameworks */,
				88820D34C086F9438015FDF1 /* libPods-socket.io-client-swift-connect-event-bug.a in Frameworks */,
			);
			runOnlyForDeploymentPostprocessing = 0;
		};
/* End PBXFrameworksBuildPhase section */

/* Begin PBXGroup section */
		0D3592ED227AD560003D77C3 = {
			isa = PBXGroup;
			children = (
				0D3592F8227AD560003D77C3 /* socket.io-client-swift-connect-event-bug */,
				0D3592F7227AD560003D77C3 /* Products */,
				EB8A850571C5E7F107AD03E7 /* Pods */,
				88C216D20C066F7A95A010AA /* Frameworks */,
			);
			sourceTree = "<group>";
		};
		0D3592F7227AD560003D77C3 /* Products */ = {
			isa = PBXGroup;
			children = (
				0D3592F6227AD560003D77C3 /* socket.io-client-swift-connect-event-bug */,
			);
			name = Products;
			sourceTree = "<group>";
		};
		0D3592F8227AD560003D77C3 /* socket.io-client-swift-connect-event-bug */ = {
			isa = PBXGroup;
			children = (
				0D3592F9227AD560003D77C3 /* main.swift */,
			);
			path = "socket.io-client-swift-connect-event-bug";
			sourceTree = "<group>";
		};
		88C216D20C066F7A95A010AA /* Frameworks */ = {
			isa = PBXGroup;
			children = (
				0D359350227AE4AE003D77C3 /* libLog.a */,
				0D359352227AE4AE003D77C3 /* libSocket.IO-Client-Swift.a */,
				0D359354227AE4AE003D77C3 /* libStarscream.a */,
				9EDCC55F6F59D0591FB19A4B /* libPods-socket.io-client-swift-connect-event-bug.a */,
			);
			name = Frameworks;
			sourceTree = "<group>";
		};
		EB8A850571C5E7F107AD03E7 /* Pods */ = {
			isa = PBXGroup;
			children = (
				269973998AE628639A2509CA /* Pods-socket.io-client-swift-connect-event-bug.debug.xcconfig */,
				C177FFB5233ECCE53F4BB281 /* Pods-socket.io-client-swift-connect-event-bug.release.xcconfig */,
			);
			path = Pods;
			sourceTree = "<group>";
		};
/* End PBXGroup section */

/* Begin PBXNativeTarget section */
		0D3592F5227AD560003D77C3 /* socket.io-client-swift-connect-event-bug */ = {
			isa = PBXNativeTarget;
			buildConfigurationList = 0D3592FD227AD560003D77C3 /* Build configuration list for PBXNativeTarget "socket.io-client-swift-connect-event-bug" */;
			buildPhases = (
				682855A3C0A7B04D57F78C01 /* [CP] Check Pods Manifest.lock */,
				0D3592F2227AD560003D77C3 /* Sources */,
				0D3592F3227AD560003D77C3 /* Frameworks */,
				0D3592F4227AD560003D77C3 /* CopyFiles */,
			);
			buildRules = (
			);
			dependencies = (
			);
			name = "socket.io-client-swift-connect-event-bug";
			productName = "socket.io-client-swift-connect-event-bug";
			productReference = 0D3592F6227AD560003D77C3 /* socket.io-client-swift-connect-event-bug */;
			productType = "com.apple.product-type.tool";
		};
/* End PBXNativeTarget section */

/* Begin PBXProject section */
		0D3592EE227AD560003D77C3 /* Project object */ = {
			isa = PBXProject;
			attributes = {
				LastSwiftUpdateCheck = 1020;
				LastUpgradeCheck = 1020;
				ORGANIZATIONNAME = N;
				TargetAttributes = {
					0D3592F5227AD560003D77C3 = {
						CreatedOnToolsVersion = 10.2.1;
					};
				};
			};
			buildConfigurationList = 0D3592F1227AD560003D77C3 /* Build configuration list for PBXProject "socket.io-client-swift-connect-event-bug" */;
			compatibilityVersion = "Xcode 9.3";
			developmentRegion = en;
			hasScannedForEncodings = 0;
			knownRegions = (
				en,
			);
			mainGroup = 0D3592ED227AD560003D77C3;
			productRefGroup = 0D3592F7227AD560003D77C3 /* Products */;
			projectDirPath = "";
			projectRoot = "";
			targets = (
				0D3592F5227AD560003D77C3 /* socket.io-client-swift-connect-event-bug */,
			);
		};
/* End PBXProject section */

/* Begin PBXShellScriptBuildPhase section */
		682855A3C0A7B04D57F78C01 /* [CP] Check Pods Manifest.lock */ = {
			isa = PBXShellScriptBuildPhase;
			buildActionMask = 2147483647;
			files = (
			);
			inputFileListPaths = (
			);
			inputPaths = (
				"${PODS_PODFILE_DIR_PATH}/Podfile.lock",
				"${PODS_ROOT}/Manifest.lock",
			);
			name = "[CP] Check Pods Manifest.lock";
			outputFileListPaths = (
			);
			outputPaths = (
				"$(DERIVED_FILE_DIR)/Pods-socket.io-client-swift-connect-event-bug-checkManifestLockResult.txt",
			);
			runOnlyForDeploymentPostprocessing = 0;
			shellPath = /bin/sh;
			shellScript = "diff \"${PODS_PODFILE_DIR_PATH}/Podfile.lock\" \"${PODS_ROOT}/Manifest.lock\" > /dev/null\nif [ $? != 0 ] ; then\n    # print error to STDERR\n    echo \"error: The sandbox is not in sync with the Podfile.lock. Run 'pod install' or update your CocoaPods installation.\" >&2\n    exit 1\nfi\n# This output is used by Xcode 'outputs' to avoid re-running this script phase.\necho \"SUCCESS\" > \"${SCRIPT_OUTPUT_FILE_0}\"\n";
			showEnvVarsInLog = 0;
		};
/* End PBXShellScriptBuildPhase section */

/* Begin PBXSourcesBuildPhase section */
		0D3592F2227AD560003D77C3 /* Sources */ = {
			isa = PBXSourcesBuildPhase;
			buildActionMask = 2147483647;
			files = (
				0D3592FA227AD560003D77C3 /* main.swift in Sources */,
			);
			runOnlyForDeploymentPostprocessing = 0;
		};
/* End PBXSourcesBuildPhase section */

/* Begin XCBuildConfiguration section */
		0D3592FB227AD560003D77C3 /* Debug */ = {
			isa = XCBuildConfiguration;
			buildSettings = {
				ALWAYS_SEARCH_USER_PATHS = NO;
				CLANG_ANALYZER_NONNULL = YES;
				CLANG_ANALYZER_NUMBER_OBJECT_CONVERSION = YES_AGGRESSIVE;
				CLANG_CXX_LANGUAGE_STANDARD = "gnu++14";
				CLANG_CXX_LIBRARY = "libc++";
				CLANG_ENABLE_MODULES = YES;
				CLANG_ENABLE_OBJC_ARC = YES;
				CLANG_ENABLE_OBJC_WEAK = YES;
				CLANG_WARN_BLOCK_CAPTURE_AUTORELEASING = YES;
				CLANG_WARN_BOOL_CONVERSION = YES;
				CLANG_WARN_COMMA = YES;
				CLANG_WARN_CONSTANT_CONVERSION = YES;
				CLANG_WARN_DEPRECATED_OBJC_IMPLEMENTATIONS = YES;
				CLANG_WARN_DIRECT_OBJC_ISA_USAGE = YES_ERROR;
				CLANG_WARN_DOCUMENTATION_COMMENTS = YES;
				CLANG_WARN_EMPTY_BODY = YES;
				CLANG_WARN_ENUM_CONVERSION = YES;
				CLANG_WARN_INFINITE_RECURSION = YES;
				CLANG_WARN_INT_CONVERSION = YES;
				CLANG_WARN_NON_LITERAL_NULL_CONVERSION = YES;
				CLANG_WARN_OBJC_IMPLICIT_RETAIN_SELF = YES;
				CLANG_WARN_OBJC_LITERAL_CONVERSION = YES;
				CLANG_WARN_OBJC_ROOT_CLASS = YES_ERROR;
				CLANG_WARN_RANGE_LOOP_ANALYSIS = YES;
				CLANG_WARN_STRICT_PROTOTYPES = YES;
				CLANG_WARN_SUSPICIOUS_MOVE = YES;
				CLANG_WARN_UNGUARDED_AVAILABILITY = YES_AGGRESSIVE;
				CLANG_WARN_UNREACHABLE_CODE = YES;
				CLANG_WARN__DUPLICATE_METHOD_MATCH = YES;
				CODE_SIGN_IDENTITY = "-";
				COPY_PHASE_STRIP = NO;
				DEBUG_INFORMATION_FORMAT = dwarf;
				ENABLE_STRICT_OBJC_MSGSEND = YES;
				ENABLE_TESTABILITY = YES;
				GCC_C_LANGUAGE_STANDARD = gnu11;
				GCC_DYNAMIC_NO_PIC = NO;
				GCC_NO_COMMON_BLOCKS = YES;
				GCC_OPTIMIZATION_LEVEL = 0;
				GCC_PREPROCESSOR_DEFINITIONS = (
					"DEBUG=1",
					"$(inherited)",
				);
				GCC_WARN_64_TO_32_BIT_CONVERSION = YES;
				GCC_WARN_ABOUT_RETURN_TYPE = YES_ERROR;
				GCC_WARN_UNDECLARED_SELECTOR = YES;
				GCC_WARN_UNINITIALIZED_AUTOS = YES_AGGRESSIVE;
				GCC_WARN_UNUSED_FUNCTION = YES;
				GCC_WARN_UNUSED_VARIABLE = YES;
				MACOSX_DEPLOYMENT_TARGET = 10.14;
				MTL_ENABLE_DEBUG_INFO = INCLUDE_SOURCE;
				MTL_FAST_MATH = YES;
				ONLY_ACTIVE_ARCH = YES;
				SDKROOT = macosx;
				SWIFT_ACTIVE_COMPILATION_CONDITIONS = DEBUG;
				SWIFT_OPTIMIZATION_LEVEL = "-Onone";
			};
			name = Debug;
		};
		0D3592FC227AD560003D77C3 /* Release */ = {
			isa = XCBuildConfiguration;
			buildSettings = {
				ALWAYS_SEARCH_USER_PATHS = NO;
				CLANG_ANALYZER_NONNULL = YES;
				CLANG_ANALYZER_NUMBER_OBJECT_CONVERSION = YES_AGGRESSIVE;
				CLANG_CXX_LANGUAGE_STANDARD = "gnu++14";
				CLANG_CXX_LIBRARY = "libc++";
				CLANG_ENABLE_MODULES = YES;
				CLANG_ENABLE_OBJC_ARC = YES;
				CLANG_ENABLE_OBJC_WEAK = YES;
				CLANG_WARN_BLOCK_CAPTURE_AUTORELEASING = YES;
				CLANG_WARN_BOOL_CONVERSION = YES;
				CLANG_WARN_COMMA = YES;
				CLANG_WARN_CONSTANT_CONVERSION = YES;
				CLANG_WARN_DEPRECATED_OBJC_IMPLEMENTATIONS = YES;
				CLANG_WARN_DIRECT_OBJC_ISA_USAGE = YES_ERROR;
				CLANG_WARN_DOCUMENTATION_COMMENTS = YES;
				CLANG_WARN_EMPTY_BODY = YES;
				CLANG_WARN_ENUM_CONVERSION = YES;
				CLANG_WARN_INFINITE_RECURSION = YES;
				CLANG_WARN_INT_CONVERSION = YES;
				CLANG_WARN_NON_LITERAL_NULL_CONVERSION = YES;
				CLANG_WARN_OBJC_IMPLICIT_RETAIN_SELF = YES;
				CLANG_WARN_OBJC_LITERAL_CONVERSION = YES;
				CLANG_WARN_OBJC_ROOT_CLASS = YES_ERROR;
				CLANG_WARN_RANGE_LOOP_ANALYSIS = YES;
				CLANG_WARN_STRICT_PROTOTYPES = YES;
				CLANG_WARN_SUSPICIOUS_MOVE = YES;
				CLANG_WARN_UNGUARDED_AVAILABILITY = YES_AGGRESSIVE;
				CLANG_WARN_UNREACHABLE_CODE = YES;
				CLANG_WARN__DUPLICATE_METHOD_MATCH = YES;
				CODE_SIGN_IDENTITY = "-";
				COPY_PHASE_STRIP = NO;
				DEBUG_INFORMATION_FORMAT = "dwarf-with-dsym";
				ENABLE_NS_ASSERTIONS = NO;
				ENABLE_STRICT_OBJC_MSGSEND = YES;
				GCC_C_LANGUAGE_STANDARD = gnu11;
				GCC_NO_COMMON_BLOCKS = YES;
				GCC_WARN_64_TO_32_BIT_CONVERSION = YES;
				GCC_WARN_ABOUT_RETURN_TYPE = YES_ERROR;
				GCC_WARN_UNDECLARED_SELECTOR = YES;
				GCC_WARN_UNINITIALIZED_AUTOS = YES_AGGRESSIVE;
				GCC_WARN_UNUSED_FUNCTION = YES;
				GCC_WARN_UNUSED_VARIABLE = YES;
				MACOSX_DEPLOYMENT_TARGET = 10.14;
				MTL_ENABLE_DEBUG_INFO = NO;
				MTL_FAST_MATH = YES;
				SDKROOT = macosx;
				SWIFT_COMPILATION_MODE = wholemodule;
				SWIFT_OPTIMIZATION_LEVEL = "-O";
			};
			name = Release;
		};
		0D3592FE227AD560003D77C3 /* Debug */ = {
			isa = XCBuildConfiguration;
			baseConfigurationReference = 269973998AE628639A2509CA /* Pods-socket.io-client-swift-connect-event-bug.debug.xcconfig */;
			buildSettings = {
				CODE_SIGN_STYLE = Automatic;
				PRODUCT_NAME = "$(TARGET_NAME)";
				SWIFT_VERSION = 5.0;
			};
			name = Debug;
		};
		0D3592FF227AD560003D77C3 /* Release */ = {
			isa = XCBuildConfiguration;
			baseConfigurationReference = C177FFB5233ECCE53F4BB281 /* Pods-socket.io-client-swift-connect-event-bug.release.xcconfig */;
			buildSettings = {
				CODE_SIGN_STYLE = Automatic;
				PRODUCT_NAME = "$(TARGET_NAME)";
				SWIFT_VERSION = 5.0;
			};
			name = Release;
		};
/* End XCBuildConfiguration section */

/* Begin XCConfigurationList section */
		0D3592F1227AD560003D77C3 /* Build configuration list for PBXProject "socket.io-client-swift-connect-event-bug" */ = {
			isa = XCConfigurationList;
			buildConfigurations = (
				0D3592FB227AD560003D77C3 /* Debug */,
				0D3592FC227AD560003D77C3 /* Release */,
			);
			defaultConfigurationIsVisible = 0;
			defaultConfigurationName = Release;
		};
		0D3592FD227AD560003D77C3 /* Build configuration list for PBXNativeTarget "socket.io-client-swift-connect-event-bug" */ = {
			isa = XCConfigurationList;
			buildConfigurations = (
				0D3592FE227AD560003D77C3 /* Debug */,
				0D3592FF227AD560003D77C3 /* Release */,
			);
			defaultConfigurationIsVisible = 0;
			defaultConfigurationName = Release;
		};
/* End XCConfigurationList section */
	};
	rootObject = 0D3592EE227AD560003D77C3 /* Project object */;
}
